github.com/OlyaIvanovs/interpreter_in_go/lexer v0.0.0-20230722074325-ce6002f1be9e h1:OaqPMqIkLj1T5HAMAQbF/GrlFDuMpJrRBYvDkGrrs3s=
github.com/OlyaIvanovs/interpreter_in_go/lexer v0.0.0-20230722074325-ce6002f1be9e/go.mod h1:V2hU0wDCc0NTcNHCuLAYpGNm/Ku1GOfwcbaWVOe2A4U=
github.com/OlyaIvanovs/interpreter_in_go/token v0.0.0-20230722074325-ce6002f1be9e h1:gimWQ2NpyceiWTVocje8Rw5Qz0YOb99IQobLgkwxCC8=
github.com/OlyaIvanovs/interpreter_in_go/token v0.0.0-20230722074325-ce6002f1be9e/go.mod h1:+Aohg/HfDR/A/sYEwnYnC57Ik2dnHPVt+vtWnxfHLJw=
